
Microsoft Visual Studio Solution File, Format Version 12.00
# Visual Studio Version 17
VisualStudioVersion = 17.0.31903.59
MinimumVisualStudioVersion = 10.0.40219.1
Project("{9A19103F-16F7-4668-BE54-9A1E7A4F7556}") = "QuantitiesDotNet", "QuantitiesDotNet\QuantitiesDotNet.csproj", "{8EFE546A-894C-45D1-907D-10D20AB8E9DE}"
EndProject
Project("{9A19103F-16F7-4668-BE54-9A1E7A4F7556}") = "QuantitiesDotNet.Generators", "QuantitiesDotNet.Generators\QuantitiesDotNet.Generators.csproj", "{2177DEA0-3A44-4267-A439-2191D75FAE99}"
EndProject
Project("{2150E333-8FDC-42A3-9474-1A3956D46DE8}") = "QuantitiesDotNet.Shared", "QuantitiesDotNet.Shared", "{6D2C6801-C4CC-4405-B04B-BC9A3BC73963}"
	ProjectSection(SolutionItems) = preProject
		QuantitiesDotNet.Shared\PlatformCapabilities.cs = QuantitiesDotNet.Shared\PlatformCapabilities.cs
	EndProjectSection
EndProject
Project("{9A19103F-16F7-4668-BE54-9A1E7A4F7556}") = "QuantitiesDotNet.Test", "QuantitiesDotNet.Test\QuantitiesDotNet.Test.csproj", "{0C26342B-0C0E-4A60-8B2A-40987AD0576A}"
EndProject
Project("{9A19103F-16F7-4668-BE54-9A1E7A4F7556}") = "QuantitiesDotNet.Sample", "QuantitiesDotNet.Sample\QuantitiesDotNet.Sample.csproj", "{4BFC1A37-12B1-442B-B695-9E2CF3B5BBE2}"
EndProject
Project("{2150E333-8FDC-42A3-9474-1A3956D46DE8}") = "Solution Items", "Solution Items", "{72FE1F5A-1CA5-455C-98B5-9C6C9AF2A89D}"
	ProjectSection(SolutionItems) = preProject
		.editorconfig = .editorconfig
		Directory.Build.props = Directory.Build.props
		..\LICENSE = ..\LICENSE
		..\README.md = ..\README.md
	EndProjectSection
EndProject
Global
	GlobalSection(SolutionConfigurationPlatforms) = preSolution
		Debug|Any CPU = Debug|Any CPU
		Release|Any CPU = Release|Any CPU
	EndGlobalSection
	GlobalSection(ProjectConfigurationPlatforms) = postSolution
		{8EFE546A-894C-45D1-907D-10D20AB8E9DE}.Debug|Any CPU.ActiveCfg = Debug|Any CPU
		{8EFE546A-894C-45D1-907D-10D20AB8E9DE}.Debug|Any CPU.Build.0 = Debug|Any CPU
		{8EFE546A-894C-45D1-907D-10D20AB8E9DE}.Release|Any CPU.ActiveCfg = Release|Any CPU
		{8EFE546A-894C-45D1-907D-10D20AB8E9DE}.Release|Any CPU.Build.0 = Release|Any CPU
		{2177DEA0-3A44-4267-A439-2191D75FAE99}.Debug|Any CPU.ActiveCfg = Debug|Any CPU
		{2177DEA0-3A44-4267-A439-2191D75FAE99}.Debug|Any CPU.Build.0 = Debug|Any CPU
		{2177DEA0-3A44-4267-A439-2191D75FAE99}.Release|Any CPU.ActiveCfg = Release|Any CPU
		{2177DEA0-3A44-4267-A439-2191D75FAE99}.Release|Any CPU.Build.0 = Release|Any CPU
		{0C26342B-0C0E-4A60-8B2A-40987AD0576A}.Debug|Any CPU.ActiveCfg = Debug|Any CPU
		{0C26342B-0C0E-4A60-8B2A-40987AD0576A}.Debug|Any CPU.Build.0 = Debug|Any CPU
		{0C26342B-0C0E-4A60-8B2A-40987AD0576A}.Release|Any CPU.ActiveCfg = Release|Any CPU
		{0C26342B-0C0E-4A60-8B2A-40987AD0576A}.Release|Any CPU.Build.0 = Release|Any CPU
		{4BFC1A37-12B1-442B-B695-9E2CF3B5BBE2}.Debug|Any CPU.ActiveCfg = Debug|Any CPU
		{4BFC1A37-12B1-442B-B695-9E2CF3B5BBE2}.Debug|Any CPU.Build.0 = Debug|Any CPU
		{4BFC1A37-12B1-442B-B695-9E2CF3B5BBE2}.Release|Any CPU.ActiveCfg = Release|Any CPU
		{4BFC1A37-12B1-442B-B695-9E2CF3B5BBE2}.Release|Any CPU.Build.0 = Release|Any CPU
	EndGlobalSection
	GlobalSection(SolutionProperties) = preSolution
		HideSolutionNode = FALSE
	EndGlobalSection
	GlobalSection(ExtensibilityGlobals) = postSolution
		SolutionGuid = {B6C9B3B8-B9C4-4C9F-8883-9D76263554B5}
	EndGlobalSection
EndGlobal
